
Microsoft Visual Studio Solution File, Format Version 12.00
Project("{FAE04EC0-301F-11D3-BF4B-00C04F79EFBC}") = "wpf-play-audio-demo", "wpf-play-audio-demo\wpf-play-audio-demo.csproj", "{1D363BB8-2B2A-47F5-A043-BB8C712F12EF}"
EndProject
Global
	GlobalSection(SolutionConfigurationPlatforms) = preSolution
		Debug|Any CPU = Debug|Any CPU
		Release|Any CPU = Release|Any CPU
	EndGlobalSection
	GlobalSection(ProjectConfigurationPlatforms) = postSolution
		{1D363BB8-2B2A-47F5-A043-BB8C712F12EF}.Debug|Any CPU.ActiveCfg = Debug|Any CPU
		{1D363BB8-2B2A-47F5-A043-BB8C712F12EF}.Debug|Any CPU.Build.0 = Debug|Any CPU
		{1D363BB8-2B2A-47F5-A043-BB8C712F12EF}.Release|Any CPU.ActiveCfg = Release|Any CPU
		{1D363BB8-2B2A-47F5-A043-BB8C712F12EF}.Release|Any CPU.Build.0 = Release|Any CPU
	EndGlobalSection
EndGlobal
